// !$*UTF8*$!
{
	archiveVersion = 1;
	classes = {
	};
	objectVersion = 50;
	objects = {

/* Begin PBXBuildFile section */
		826E08302237FDF400DA0C7A /* AppDelegate.swift in Sources */ = {isa = PBXBuildFile; fileRef = 826E082F2237FDF400DA0C7A /* AppDelegate.swift */; };
		826E08322237FDF400DA0C7A /* ViewController.swift in Sources */ = {isa = PBXBuildFile; fileRef = 826E08312237FDF400DA0C7A /* ViewController.swift */; };
		826E08352237FDF400DA0C7A /* Main.storyboard in Resources */ = {isa = PBXBuildFile; fileRef = 826E08332237FDF400DA0C7A /* Main.storyboard */; };
		826E08382237FDF400DA0C7A /* MLNC2.xcdatamodeld in Sources */ = {isa = PBXBuildFile; fileRef = 826E08362237FDF400DA0C7A /* MLNC2.xcdatamodeld */; };
		826E083A2237FDF500DA0C7A /* Assets.xcassets in Resources */ = {isa = PBXBuildFile; fileRef = 826E08392237FDF500DA0C7A /* Assets.xcassets */; };
		826E083D2237FDF500DA0C7A /* LaunchScreen.storyboard in Resources */ = {isa = PBXBuildFile; fileRef = 826E083B2237FDF500DA0C7A /* LaunchScreen.storyboard */; };
		826E08482237FDF500DA0C7A /* MLNC2Tests.swift in Sources */ = {isa = PBXBuildFile; fileRef = 826E08472237FDF500DA0C7A /* MLNC2Tests.swift */; };
		826E08532237FDF500DA0C7A /* MLNC2UITests.swift in Sources */ = {isa = PBXBuildFile; fileRef = 826E08522237FDF500DA0C7A /* MLNC2UITests.swift */; };
		826E086122380B1600DA0C7A /* YCTSL.mlmodel in Sources */ = {isa = PBXBuildFile; fileRef = 826E086022380B1600DA0C7A /* YCTSL.mlmodel */; };
/* End PBXBuildFile section */

/* Begin PBXContainerItemProxy section */
		826E08442237FDF500DA0C7A /* PBXContainerItemProxy */ = {
			isa = PBXContainerItemProxy;
			containerPortal = 826E08242237FDF400DA0C7A /* Project object */;
			proxyType = 1;
			remoteGlobalIDString = 826E082B2237FDF400DA0C7A;
			remoteInfo = MLNC2;
		};
		826E084F2237FDF500DA0C7A /* PBXContainerItemProxy */ = {
			isa = PBXContainerItemProxy;
			containerPortal = 826E08242237FDF400DA0C7A /* Project object */;
			proxyType = 1;
			remoteGlobalIDString = 826E082B2237FDF400DA0C7A;
			remoteInfo = MLNC2;
		};
/* End PBXContainerItemProxy section */

/* Begin PBXFileReference section */
		826E082C2237FDF400DA0C7A /* MLNC2.app */ = {isa = PBXFileReference; explicitFileType = wrapper.application; includeInIndex = 0; path = MLNC2.app; sourceTree = BUILT_PRODUCTS_DIR; };
		826E082F2237FDF400DA0C7A /* AppDelegate.swift */ = {isa = PBXFileReference; lastKnownFileType = sourcecode.swift; path = AppDelegate.swift; sourceTree = "<group>"; };
		826E08312237FDF400DA0C7A /* ViewController.swift */ = {isa = PBXFileReference; lastKnownFileType = sourcecode.swift; path = ViewController.swift; sourceTree = "<group>"; };
		826E08342237FDF400DA0C7A /* Base */ = {isa = PBXFileReference; lastKnownFileType = file.storyboard; name = Base; path = Base.lproj/Main.storyboard; sourceTree = "<group>"; };
		826E08372237FDF400DA0C7A /* MLNC2.xcdatamodel */ = {isa = PBXFileReference; lastKnownFileType = wrapper.xcdatamodel; path = MLNC2.xcdatamodel; sourceTree = "<group>"; };
		826E08392237FDF500DA0C7A /* Assets.xcassets */ = {isa = PBXFileReference; lastKnownFileType = folder.assetcatalog; path = Assets.xcassets; sourceTree = "<group>"; };
		826E083C2237FDF500DA0C7A /* Base */ = {isa = PBXFileReference; lastKnownFileType = file.storyboard; name = Base; path = Base.lproj/LaunchScreen.storyboard; sourceTree = "<group>"; };
		826E083E2237FDF500DA0C7A /* Info.plist */ = {isa = PBXFileReference; lastKnownFileType = text.plist.xml; path = Info.plist; sourceTree = "<group>"; };
		826E08432237FDF500DA0C7A /* MLNC2Tests.xctest */ = {isa = PBXFileReference; explicitFileType = wrapper.cfbundle; includeInIndex = 0; path = MLNC2Tests.xctest; sourceTree = BUILT_PRODUCTS_DIR; };
		826E08472237FDF500DA0C7A /* MLNC2Tests.swift */ = {isa = PBXFileReference; lastKnownFileType = sourcecode.swift; path = MLNC2Tests.swift; sourceTree = "<group>"; };
		826E08492237FDF500DA0C7A /* Info.plist */ = {isa = PBXFileReference; lastKnownFileType = text.plist.xml; path = Info.plist; sourceTree = "<group>"; };
		826E084E2237FDF500DA0C7A /* MLNC2UITests.xctest */ = {isa = PBXFileReference; explicitFileType = wrapper.cfbundle; includeInIndex = 0; path = MLNC2UITests.xctest; sourceTree = BUILT_PRODUCTS_DIR; };
		826E08522237FDF500DA0C7A /* MLNC2UITests.swift */ = {isa = PBXFileReference; lastKnownFileType = sourcecode.swift; path = MLNC2UITests.swift; sourceTree = "<group>"; };
		826E08542237FDF500DA0C7A /* Info.plist */ = {isa = PBXFileReference; lastKnownFileType = text.plist.xml; path = Info.plist; sourceTree = "<group>"; };
		826E086022380B1600DA0C7A /* YCTSL.mlmodel */ = {isa = PBXFileReference; lastKnownFileType = file.mlmodel; path = YCTSL.mlmodel; sourceTree = "<group>"; };
/* End PBXFileReference section */

/* Begin PBXFrameworksBuildPhase section */
		826E08292237FDF400DA0C7A /* Frameworks */ = {
			isa = PBXFrameworksBuildPhase;
			buildActionMask = 2147483647;
			files = (
			);
			runOnlyForDeploymentPostprocessing = 0;
		};
		826E08402237FDF500DA0C7A /* Frameworks */ = {
			isa = PBXFrameworksBuildPhase;
			buildActionMask = 2147483647;
			files = (
			);
			runOnlyForDeploymentPostprocessing = 0;
		};
		826E084B2237FDF500DA0C7A /* Frameworks */ = {
			isa = PBXFrameworksBuildPhase;
			buildActionMask = 2147483647;
			files = (
			);
			runOnlyForDeploymentPostprocessing = 0;
		};
/* End PBXFrameworksBuildPhase section */

/* Begin PBXGroup section */
		826E08232237FDF400DA0C7A = {
			isa = PBXGroup;
			children = (
				826E086022380B1600DA0C7A /* YCTSL.mlmodel */,
				826E082E2237FDF400DA0C7A /* MLNC2 */,
				826E08462237FDF500DA0C7A /* MLNC2Tests */,
				826E08512237FDF500DA0C7A /* MLNC2UITests */,
				826E082D2237FDF400DA0C7A /* Products */,
			);
			sourceTree = "<group>";
		};
		826E082D2237FDF400DA0C7A /* Products */ = {
			isa = PBXGroup;
			children = (
				826E082C2237FDF400DA0C7A /* MLNC2.app */,
				826E08432237FDF500DA0C7A /* MLNC2Tests.xctest */,
				826E084E2237FDF500DA0C7A /* MLNC2UITests.xctest */,
			);
			name = Products;
			sourceTree = "<group>";
		};
		826E082E2237FDF400DA0C7A /* MLNC2 */ = {
			isa = PBXGroup;
			children = (
				826E082F2237FDF400DA0C7A /* AppDelegate.swift */,
				826E08312237FDF400DA0C7A /* ViewController.swift */,
				826E08332237FDF400DA0C7A /* Main.storyboard */,
				826E08392237FDF500DA0C7A /* Assets.xcassets */,
				826E083B2237FDF500DA0C7A /* LaunchScreen.storyboard */,
				826E083E2237FDF500DA0C7A /* Info.plist */,
				826E08362237FDF400DA0C7A /* MLNC2.xcdatamodeld */,
			);
			path = MLNC2;
			sourceTree = "<group>";
		};
		826E08462237FDF500DA0C7A /* MLNC2Tests */ = {
			isa = PBXGroup;
			children = (
				826E08472237FDF500DA0C7A /* MLNC2Tests.swift */,
				826E08492237FDF500DA0C7A /* Info.plist */,
			);
			path = MLNC2Tests;
			sourceTree = "<group>";
		};
		826E08512237FDF500DA0C7A /* MLNC2UITests */ = {
			isa = PBXGroup;
			children = (
				826E08522237FDF500DA0C7A /* MLNC2UITests.swift */,
				826E08542237FDF500DA0C7A /* Info.plist */,
			);
			path = MLNC2UITests;
			sourceTree = "<group>";
		};
/* End PBXGroup section */

/* Begin PBXNativeTarget section */
		826E082B2237FDF400DA0C7A /* MLNC2 */ = {
			isa = PBXNativeTarget;
			buildConfigurationList = 826E08572237FDF500DA0C7A /* Build configuration list for PBXNativeTarget "MLNC2" */;
			buildPhases = (
				826E08282237FDF400DA0C7A /* Sources */,
				826E08292237FDF400DA0C7A /* Frameworks */,
				826E082A2237FDF400DA0C7A /* Resources */,
			);
			buildRules = (
			);
			dependencies = (
			);
			name = MLNC2;
			productName = MLNC2;
			productReference = 826E082C2237FDF400DA0C7A /* MLNC2.app */;
			productType = "com.apple.product-type.application";
		};
		826E08422237FDF500DA0C7A /* MLNC2Tests */ = {
			isa = PBXNativeTarget;
			buildConfigurationList = 826E085A2237FDF500DA0C7A /* Build configuration list for PBXNativeTarget "MLNC2Tests" */;
			buildPhases = (
				826E083F2237FDF500DA0C7A /* Sources */,
				826E08402237FDF500DA0C7A /* Frameworks */,
				826E08412237FDF500DA0C7A /* Resources */,
			);
			buildRules = (
			);
			dependencies = (
				826E08452237FDF500DA0C7A /* PBXTargetDependency */,
			);
			name = MLNC2Tests;
			productName = MLNC2Tests;
			productReference = 826E08432237FDF500DA0C7A /* MLNC2Tests.xctest */;
			productType = "com.apple.product-type.bundle.unit-test";
		};
		826E084D2237FDF500DA0C7A /* MLNC2UITests */ = {
			isa = PBXNativeTarget;
			buildConfigurationList = 826E085D2237FDF500DA0C7A /* Build configuration list for PBXNativeTarget "MLNC2UITests" */;
			buildPhases = (
				826E084A2237FDF500DA0C7A /* Sources */,
				826E084B2237FDF500DA0C7A /* Frameworks */,
				826E084C2237FDF500DA0C7A /* Resources */,
			);
			buildRules = (
			);
			dependencies = (
				826E08502237FDF500DA0C7A /* PBXTargetDependency */,
			);
			name = MLNC2UITests;
			productName = MLNC2UITests;
			productReference = 826E084E2237FDF500DA0C7A /* MLNC2UITests.xctest */;
			productType = "com.apple.product-type.bundle.ui-testing";
		};
/* End PBXNativeTarget section */

/* Begin PBXProject section */
		826E08242237FDF400DA0C7A /* Project object */ = {
			isa = PBXProject;
			attributes = {
				LastSwiftUpdateCheck = 1010;
				LastUpgradeCheck = 1010;
				ORGANIZATIONNAME = YoussefDonadeo;
				TargetAttributes = {
					826E082B2237FDF400DA0C7A = {
						CreatedOnToolsVersion = 10.1;
					};
					826E08422237FDF500DA0C7A = {
						CreatedOnToolsVersion = 10.1;
						TestTargetID = 826E082B2237FDF400DA0C7A;
					};
					826E084D2237FDF500DA0C7A = {
						CreatedOnToolsVersion = 10.1;
						TestTargetID = 826E082B2237FDF400DA0C7A;
					};
				};
			};
			buildConfigurationList = 826E08272237FDF400DA0C7A /* Build configuration list for PBXProject "MLNC2" */;
			compatibilityVersion = "Xcode 9.3";
			developmentRegion = en;
			hasScannedForEncodings = 0;
			knownRegions = (
				en,
				Base,
			);
			mainGroup = 826E08232237FDF400DA0C7A;
			productRefGroup = 826E082D2237FDF400DA0C7A /* Products */;
			projectDirPath = "";
			projectRoot = "";
			targets = (
				826E082B2237FDF400DA0C7A /* MLNC2 */,
				826E08422237FDF500DA0C7A /* MLNC2Tests */,
				826E084D2237FDF500DA0C7A /* MLNC2UITests */,
			);
		};
/* End PBXProject section */

/* Begin PBXResourcesBuildPhase section */
		826E082A2237FDF400DA0C7A /* Resources */ = {
			isa = PBXResourcesBuildPhase;
			buildActionMask = 2147483647;
			files = (
				826E083D2237FDF500DA0C7A /* LaunchScreen.storyboard in Resources */,
				826E083A2237FDF500DA0C7A /* Assets.xcassets in Resources */,
				826E08352237FDF400DA0C7A /* Main.storyboard in Resources */,
			);
			runOnlyForDeploymentPostprocessing = 0;
		};
		826E08412237FDF500DA0C7A /* Resources */ = {
			isa = PBXResourcesBuildPhase;
			buildActionMask = 2147483647;
			files = (
			);
			runOnlyForDeploymentPostprocessing = 0;
		};
		826E084C2237FDF500DA0C7A /* Resources */ = {
			isa = PBXResourcesBuildPhase;
			buildActionMask = 2147483647;
			files = (
			);
			runOnlyForDeploymentPostprocessing = 0;
		};
/* End PBXResourcesBuildPhase section */

/* Begin PBXSourcesBuildPhase section */
		826E08282237FDF400DA0C7A /* Sources */ = {
			isa = PBXSourcesBuildPhase;
			buildActionMask = 2147483647;
			files = (
				826E086122380B1600DA0C7A /* YCTSL.mlmodel in Sources */,
				826E08322237FDF400DA0C7A /* ViewController.swift in Sources */,
				826E08302237FDF400DA0C7A /* AppDelegate.swift in Sources */,
				826E08382237FDF400DA0C7A /* MLNC2.xcdatamodeld in Sources */,
			);
			runOnlyForDeploymentPostprocessing = 0;
		};
		826E083F2237FDF500DA0C7A /* Sources */ = {
			isa = PBXSourcesBuildPhase;
			buildActionMask = 2147483647;
			files = (
				826E08482237FDF500DA0C7A /* MLNC2Tests.swift in Sources */,
			);
			runOnlyForDeploymentPostprocessing = 0;
		};
		826E084A2237FDF500DA0C7A /* Sources */ = {
			isa = PBXSourcesBuildPhase;
			buildActionMask = 2147483647;
			files = (
				826E08532237FDF500DA0C7A /* MLNC2UITests.swift in Sources */,
			);
			runOnlyForDeploymentPostprocessing = 0;
		};
/* End PBXSourcesBuildPhase section */

/* Begin PBXTargetDependency section */
		826E08452237FDF500DA0C7A /* PBXTargetDependency */ = {
			isa = PBXTargetDependency;
			target = 826E082B2237FDF400DA0C7A /* MLNC2 */;
			targetProxy = 826E08442237FDF500DA0C7A /* PBXContainerItemProxy */;
		};
		826E08502237FDF500DA0C7A /* PBXTargetDependency */ = {
			isa = PBXTargetDependency;
			target = 826E082B2237FDF400DA0C7A /* MLNC2 */;
			targetProxy = 826E084F2237FDF500DA0C7A /* PBXContainerItemProxy */;
		};
/* End PBXTargetDependency section */

/* Begin PBXVariantGroup section */
		826E08332237FDF400DA0C7A /* Main.storyboard */ = {
			isa = PBXVariantGroup;
			children = (
				826E08342237FDF400DA0C7A /* Base */,
			);
			name = Main.storyboard;
			sourceTree = "<group>";
		};
		826E083B2237FDF500DA0C7A /* LaunchScreen.storyboard */ = {
			isa = PBXVariantGroup;
			children = (
				826E083C2237FDF500DA0C7A /* Base */,
			);
			name = LaunchScreen.storyboard;
			sourceTree = "<group>";
		};
/* End PBXVariantGroup section */

/* Begin XCBuildConfiguration section */
		826E08552237FDF500DA0C7A /* Debug */ = {
			isa = XCBuildConfiguration;
			buildSettings = {
				ALWAYS_SEARCH_USER_PATHS = NO;
				CLANG_ANALYZER_NONNULL = YES;
				CLANG_ANALYZER_NUMBER_OBJECT_CONVERSION = YES_AGGRESSIVE;
				CLANG_CXX_LANGUAGE_STANDARD = "gnu++14";
				CLANG_CXX_LIBRARY = "libc++";
				CLANG_ENABLE_MODULES = YES;
				CLANG_ENABLE_OBJC_ARC = YES;
				CLANG_ENABLE_OBJC_WEAK = YES;
				CLANG_WARN_BLOCK_CAPTURE_AUTORELEASING = YES;
				CLANG_WARN_BOOL_CONVERSION = YES;
				CLANG_WARN_COMMA = YES;
				CLANG_WARN_CONSTANT_CONVERSION = YES;
				CLANG_WARN_DEPRECATED_OBJC_IMPLEMENTATIONS = YES;
				CLANG_WARN_DIRECT_OBJC_ISA_USAGE = YES_ERROR;
				CLANG_WARN_DOCUMENTATION_COMMENTS = YES;
				CLANG_WARN_EMPTY_BODY = YES;
				CLANG_WARN_ENUM_CONVERSION = YES;
				CLANG_WARN_INFINITE_RECURSION = YES;
				CLANG_WARN_INT_CONVERSION = YES;
				CLANG_WARN_NON_LITERAL_NULL_CONVERSION = YES;
				CLANG_WARN_OBJC_IMPLICIT_RETAIN_SELF = YES;
				CLANG_WARN_OBJC_LITERAL_CONVERSION = YES;
				CLANG_WARN_OBJC_ROOT_CLASS = YES_ERROR;
				CLANG_WARN_RANGE_LOOP_ANALYSIS = YES;
				CLANG_WARN_STRICT_PROTOTYPES = YES;
				CLANG_WARN_SUSPICIOUS_MOVE = YES;
				CLANG_WARN_UNGUARDED_AVAILABILITY = YES_AGGRESSIVE;
				CLANG_WARN_UNREACHABLE_CODE = YES;
				CLANG_WARN__DUPLICATE_METHOD_MATCH = YES;
				CODE_SIGN_IDENTITY = "iPhone Developer";
				COPY_PHASE_STRIP = NO;
				DEBUG_INFORMATION_FORMAT = dwarf;
				ENABLE_STRICT_OBJC_MSGSEND = YES;
				ENABLE_TESTABILITY = YES;
				GCC_C_LANGUAGE_STANDARD = gnu11;
				GCC_DYNAMIC_NO_PIC = NO;
				GCC_NO_COMMON_BLOCKS = YES;
				GCC_OPTIMIZATION_LEVEL = 0;
				GCC_PREPROCESSOR_DEFINITIONS = (
					"DEBUG=1",
					"$(inherited)",
				);
				GCC_WARN_64_TO_32_BIT_CONVERSION = YES;
				GCC_WARN_ABOUT_RETURN_TYPE = YES_ERROR;
				GCC_WARN_UNDECLARED_SELECTOR = YES;
				GCC_WARN_UNINITIALIZED_AUTOS = YES_AGGRESSIVE;
				GCC_WARN_UNUSED_FUNCTION = YES;
				GCC_WARN_UNUSED_VARIABLE = YES;
				IPHONEOS_DEPLOYMENT_TARGET = 12.1;
				MTL_ENABLE_DEBUG_INFO = INCLUDE_SOURCE;
				MTL_FAST_MATH = YES;
				ONLY_ACTIVE_ARCH = YES;
				SDKROOT = iphoneos;
				SWIFT_ACTIVE_COMPILATION_CONDITIONS = DEBUG;
				SWIFT_OPTIMIZATION_LEVEL = "-Onone";
			};
			name = Debug;
		};
		826E08562237FDF500DA0C7A /* Release */ = {
			isa = XCBuildConfiguration;
			buildSettings = {
				ALWAYS_SEARCH_USER_PATHS = NO;
				CLANG_ANALYZER_NONNULL = YES;
				CLANG_ANALYZER_NUMBER_OBJECT_CONVERSION = YES_AGGRESSIVE;
				CLANG_CXX_LANGUAGE_STANDARD = "gnu++14";
				CLANG_CXX_LIBRARY = "libc++";
				CLANG_ENABLE_MODULES = YES;
				CLANG_ENABLE_OBJC_ARC = YES;
				CLANG_ENABLE_OBJC_WEAK = YES;
				CLANG_WARN_BLOCK_CAPTURE_AUTORELEASING = YES;
				CLANG_WARN_BOOL_CONVERSION = YES;
				CLANG_WARN_COMMA = YES;
				CLANG_WARN_CONSTANT_CONVERSION = YES;
				CLANG_WARN_DEPRECATED_OBJC_IMPLEMENTATIONS = YES;
				CLANG_WARN_DIRECT_OBJC_ISA_USAGE = YES_ERROR;
				CLANG_WARN_DOCUMENTATION_COMMENTS = YES;
				CLANG_WARN_EMPTY_BODY = YES;
				CLANG_WARN_ENUM_CONVERSION = YES;
				CLANG_WARN_INFINITE_RECURSION = YES;
				CLANG_WARN_INT_CONVERSION = YES;
				CLANG_WARN_NON_LITERAL_NULL_CONVERSION = YES;
				CLANG_WARN_OBJC_IMPLICIT_RETAIN_SELF = YES;
				CLANG_WARN_OBJC_LITERAL_CONVERSION = YES;
				CLANG_WARN_OBJC_ROOT_CLASS = YES_ERROR;
				CLANG_WARN_RANGE_LOOP_ANALYSIS = YES;
				CLANG_WARN_STRICT_PROTOTYPES = YES;
				CLANG_WARN_SUSPICIOUS_MOVE = YES;
				CLANG_WARN_UNGUARDED_AVAILABILITY = YES_AGGRESSIVE;
				CLANG_WARN_UNREACHABLE_CODE = YES;
				CLANG_WARN__DUPLICATE_METHOD_MATCH = YES;
				CODE_SIGN_IDENTITY = "iPhone Developer";
				COPY_PHASE_STRIP = NO;
				DEBUG_INFORMATION_FORMAT = "dwarf-with-dsym";
				ENABLE_NS_ASSERTIONS = NO;
				ENABLE_STRICT_OBJC_MSGSEND = YES;
				GCC_C_LANGUAGE_STANDARD = gnu11;
				GCC_NO_COMMON_BLOCKS = YES;
				GCC_WARN_64_TO_32_BIT_CONVERSION = YES;
				GCC_WARN_ABOUT_RETURN_TYPE = YES_ERROR;
				GCC_WARN_UNDECLARED_SELECTOR = YES;
				GCC_WARN_UNINITIALIZED_AUTOS = YES_AGGRESSIVE;
				GCC_WARN_UNUSED_FUNCTION = YES;
				GCC_WARN_UNUSED_VARIABLE = YES;
				IPHONEOS_DEPLOYMENT_TARGET = 12.1;
				MTL_ENABLE_DEBUG_INFO = NO;
				MTL_FAST_MATH = YES;
				SDKROOT = iphoneos;
				SWIFT_COMPILATION_MODE = wholemodule;
				SWIFT_OPTIMIZATION_LEVEL = "-O";
				VALIDATE_PRODUCT = YES;
			};
			name = Release;
		};
		826E08582237FDF500DA0C7A /* Debug */ = {
			isa = XCBuildConfiguration;
			buildSettings = {
				ASSETCATALOG_COMPILER_APPICON_NAME = AppIcon;
				CODE_SIGN_STYLE = Automatic;
				DEVELOPMENT_TEAM = FAN7H7SJM5;
				INFOPLIST_FILE = MLNC2/Info.plist;
				LD_RUNPATH_SEARCH_PATHS = (
					"$(inherited)",
					"@executable_path/Frameworks",
				);
				PRODUCT_BUNDLE_IDENTIFIER = YoussefDonadeo.MLNC2;
				PRODUCT_NAME = "$(TARGET_NAME)";
				SWIFT_VERSION = 4.2;
				TARGETED_DEVICE_FAMILY = "1,2";
			};
			name = Debug;
		};
		826E08592237FDF500DA0C7A /* Release */ = {
			isa = XCBuildConfiguration;
			buildSettings = {
				ASSETCATALOG_COMPILER_APPICON_NAME = AppIcon;
				CODE_SIGN_STYLE = Automatic;
				DEVELOPMENT_TEAM = FAN7H7SJM5;
				INFOPLIST_FILE = MLNC2/Info.plist;
				LD_RUNPATH_SEARCH_PATHS = (
					"$(inherited)",
					"@executable_path/Frameworks",
				);
				PRODUCT_BUNDLE_IDENTIFIER = YoussefDonadeo.MLNC2;
				PRODUCT_NAME = "$(TARGET_NAME)";
				SWIFT_VERSION = 4.2;
				TARGETED_DEVICE_FAMILY = "1,2";
			};
			name = Release;
		};
		826E085B2237FDF500DA0C7A /* Debug */ = {
			isa = XCBuildConfiguration;
			buildSettings = {
				ALWAYS_EMBED_SWIFT_STANDARD_LIBRARIES = YES;
				BUNDLE_LOADER = "$(TEST_HOST)";
				CODE_SIGN_STYLE = Automatic;
				DEVELOPMENT_TEAM = FAN7H7SJM5;
				INFOPLIST_FILE = MLNC2Tests/Info.plist;
				LD_RUNPATH_SEARCH_PATHS = (
					"$(inherited)",
					"@executable_path/Frameworks",
					"@loader_path/Frameworks",
				);
				PRODUCT_BUNDLE_IDENTIFIER = YoussefDonadeo.MLNC2Tests;
				PRODUCT_NAME = "$(TARGET_NAME)";
				SWIFT_VERSION = 4.2;
				TARGETED_DEVICE_FAMILY = "1,2";
				TEST_HOST = "$(BUILT_PRODUCTS_DIR)/MLNC2.app/MLNC2";
			};
			name = Debug;
		};
		826E085C2237FDF500DA0C7A /* Release */ = {
			isa = XCBuildConfiguration;
			buildSettings = {
				ALWAYS_EMBED_SWIFT_STANDARD_LIBRARIES = YES;
				BUNDLE_LOADER = "$(TEST_HOST)";
				CODE_SIGN_STYLE = Automatic;
				DEVELOPMENT_TEAM = FAN7H7SJM5;
				INFOPLIST_FILE = MLNC2Tests/Info.plist;
				LD_RUNPATH_SEARCH_PATHS = (
					"$(inherited)",
					"@executable_path/Frameworks",
					"@loader_path/Frameworks",
				);
				PRODUCT_BUNDLE_IDENTIFIER = YoussefDonadeo.MLNC2Tests;
				PRODUCT_NAME = "$(TARGET_NAME)";
				SWIFT_VERSION = 4.2;
				TARGETED_DEVICE_FAMILY = "1,2";
				TEST_HOST = "$(BUILT_PRODUCTS_DIR)/MLNC2.app/MLNC2";
			};
			name = Release;
		};
		826E085E2237FDF500DA0C7A /* Debug */ = {
			isa = XCBuildConfiguration;
			buildSettings = {
				ALWAYS_EMBED_SWIFT_STANDARD_LIBRARIES = YES;
				CODE_SIGN_STYLE = Automatic;
				DEVELOPMENT_TEAM = FAN7H7SJM5;
				INFOPLIST_FILE = MLNC2UITests/Info.plist;
				LD_RUNPATH_SEARCH_PATHS = (
					"$(inherited)",
					"@executable_path/Frameworks",
					"@loader_path/Frameworks",
				);
				PRODUCT_BUNDLE_IDENTIFIER = YoussefDonadeo.MLNC2UITests;
				PRODUCT_NAME = "$(TARGET_NAME)";
				SWIFT_VERSION = 4.2;
				TARGETED_DEVICE_FAMILY = "1,2";
				TEST_TARGET_NAME = MLNC2;
			};
			name = Debug;
		};
		826E085F2237FDF500DA0C7A /* Release */ = {
			isa = XCBuildConfiguration;
			buildSettings = {
				ALWAYS_EMBED_SWIFT_STANDARD_LIBRARIES = YES;
				CODE_SIGN_STYLE = Automatic;
				DEVELOPMENT_TEAM = FAN7H7SJM5;
				INFOPLIST_FILE = MLNC2UITests/Info.plist;
				LD_RUNPATH_SEARCH_PATHS = (
					"$(inherited)",
					"@executable_path/Frameworks",
					"@loader_path/Frameworks",
				);
				PRODUCT_BUNDLE_IDENTIFIER = YoussefDonadeo.MLNC2UITests;
				PRODUCT_NAME = "$(TARGET_NAME)";
				SWIFT_VERSION = 4.2;
				TARGETED_DEVICE_FAMILY = "1,2";
				TEST_TARGET_NAME = MLNC2;
			};
			name = Release;
		};
/* End XCBuildConfiguration section */

/* Begin XCConfigurationList section */
		826E08272237FDF400DA0C7A /* Build configuration list for PBXProject "MLNC2" */ = {
			isa = XCConfigurationList;
			buildConfigurations = (
				826E08552237FDF500DA0C7A /* Debug */,
				826E08562237FDF500DA0C7A /* Release */,
			);
			defaultConfigurationIsVisible = 0;
			defaultConfigurationName = Release;
		};
		826E08572237FDF500DA0C7A /* Build configuration list for PBXNativeTarget "MLNC2" */ = {
			isa = XCConfigurationList;
			buildConfigurations = (
				826E08582237FDF500DA0C7A /* Debug */,
				826E08592237FDF500DA0C7A /* Release */,
			);
			defaultConfigurationIsVisible = 0;
			defaultConfigurationName = Release;
		};
		826E085A2237FDF500DA0C7A /* Build configuration list for PBXNativeTarget "MLNC2Tests" */ = {
			isa = XCConfigurationList;
			buildConfigurations = (
				826E085B2237FDF500DA0C7A /* Debug */,
				826E085C2237FDF500DA0C7A /* Release */,
			);
			defaultConfigurationIsVisible = 0;
			defaultConfigurationName = Release;
		};
		826E085D2237FDF500DA0C7A /* Build configuration list for PBXNativeTarget "MLNC2UITests" */ = {
			isa = XCConfigurationList;
			buildConfigurations = (
				826E085E2237FDF500DA0C7A /* Debug */,
				826E085F2237FDF500DA0C7A /* Release */,
			);
			defaultConfigurationIsVisible = 0;
			defaultConfigurationName = Release;
		};
/* End XCConfigurationList section */

/* Begin XCVersionGroup section */
		826E08362237FDF400DA0C7A /* MLNC2.xcdatamodeld */ = {
			isa = XCVersionGroup;
			children = (
				826E08372237FDF400DA0C7A /* MLNC2.xcdatamodel */,
			);
			currentVersion = 826E08372237FDF400DA0C7A /* MLNC2.xcdatamodel */;
			path = MLNC2.xcdatamodeld;
			sourceTree = "<group>";
			versionGroupType = wrapper.xcdatamodel;
		};
/* End XCVersionGroup section */
	};
	rootObject = 826E08242237FDF400DA0C7A /* Project object */;
}
